// !$*UTF8*$!
{
	archiveVersion = 1;
	classes = {
	};
	objectVersion = 46;
	objects = {

/* Begin PBXBuildFile section */
		8B9C88C9AF22F6B7D64935A3 /* Pods.framework in Frameworks */ = {isa = PBXBuildFile; fileRef = 939537E42F84BB812A2B5FC2 /* Pods.framework */; settings = {ATTRIBUTES = (Weak, ); }; };
		A103AF3A1A86141200FF0B24 /* EntryCollectionViewCell.swift in Sources */ = {isa = PBXBuildFile; fileRef = A103AF391A86141200FF0B24 /* EntryCollectionViewCell.swift */; };
		A103AF401A86553000FF0B24 /* UserEntity.swift in Sources */ = {isa = PBXBuildFile; fileRef = A103AF3F1A86553000FF0B24 /* UserEntity.swift */; };
		A103AF431A865DE700FF0B24 /* UIColor+App.swift in Sources */ = {isa = PBXBuildFile; fileRef = A103AF421A865DE700FF0B24 /* UIColor+App.swift */; };
		A103AF451A866A0D00FF0B24 /* UIImage+App.swift in Sources */ = {isa = PBXBuildFile; fileRef = A103AF441A866A0D00FF0B24 /* UIImage+App.swift */; };
		A103AF471A867A9100FF0B24 /* TagEntity.swift in Sources */ = {isa = PBXBuildFile; fileRef = A103AF461A867A9100FF0B24 /* TagEntity.swift */; };
		A118A61E1A8F4AA600350841 /* EntryDetailView.swift in Sources */ = {isa = PBXBuildFile; fileRef = A118A61D1A8F4AA600350841 /* EntryDetailView.swift */; };
		A124A2201A87BF99007A42E9 /* PagerViewController.swift in Sources */ = {isa = PBXBuildFile; fileRef = A124A21F1A87BF99007A42E9 /* PagerViewController.swift */; };
		A14149381A9C1557003B7898 /* PathMenu.swift in Sources */ = {isa = PBXBuildFile; fileRef = A14149361A9C1557003B7898 /* PathMenu.swift */; };
		A14149391A9C1557003B7898 /* PathMenuItem.swift in Sources */ = {isa = PBXBuildFile; fileRef = A14149371A9C1557003B7898 /* PathMenuItem.swift */; };
		A141493B1A9C2985003B7898 /* QCPathMenuItem.swift in Sources */ = {isa = PBXBuildFile; fileRef = A141493A1A9C2985003B7898 /* QCPathMenuItem.swift */; };
		A143C0E31A9B87CD00C531B4 /* MuteListViewController.swift in Sources */ = {isa = PBXBuildFile; fileRef = A143C0E21A9B87CD00C531B4 /* MuteListViewController.swift */; };
		A143C0E51A9B897D00C531B4 /* PinListViewController.swift in Sources */ = {isa = PBXBuildFile; fileRef = A143C0E41A9B897D00C531B4 /* PinListViewController.swift */; };
		A16BA04C1A96EA4800FF7ACA /* BaseTableView.swift in Sources */ = {isa = PBXBuildFile; fileRef = A16BA04B1A96EA4800FF7ACA /* BaseTableView.swift */; };
		A17D0C551A963A510020229B /* SCLAlertView.m in Sources */ = {isa = PBXBuildFile; fileRef = A17D0C4C1A963A510020229B /* SCLAlertView.m */; };
		A17D0C561A963A510020229B /* SCLAlertViewResponder.m in Sources */ = {isa = PBXBuildFile; fileRef = A17D0C4E1A963A510020229B /* SCLAlertViewResponder.m */; };
		A17D0C571A963A510020229B /* SCLAlertViewStyleKit.m in Sources */ = {isa = PBXBuildFile; fileRef = A17D0C501A963A510020229B /* SCLAlertViewStyleKit.m */; };
		A17D0C581A963A510020229B /* SCLButton.m in Sources */ = {isa = PBXBuildFile; fileRef = A17D0C521A963A510020229B /* SCLButton.m */; };
		A17D0C591A963A510020229B /* UIImage+ImageEffects.m in Sources */ = {isa = PBXBuildFile; fileRef = A17D0C541A963A510020229B /* UIImage+ImageEffects.m */; };
		A18030621A99C83800EA8D4A /* SearchConditionView.swift in Sources */ = {isa = PBXBuildFile; fileRef = A18030611A99C83800EA8D4A /* SearchConditionView.swift */; };
		A18030641A99CFF600EA8D4A /* SearchViewController.swift in Sources */ = {isa = PBXBuildFile; fileRef = A18030631A99CFF600EA8D4A /* SearchViewController.swift */; };
		A18030661A9A21CA00EA8D4A /* SearchTableViewCell.swift in Sources */ = {isa = PBXBuildFile; fileRef = A18030651A9A21CA00EA8D4A /* SearchTableViewCell.swift */; };
		A1824FC61A987FEE009604B2 /* Toast.swift in Sources */ = {isa = PBXBuildFile; fileRef = A1824FC51A987FEE009604B2 /* Toast.swift */; };
		A1824FD41A98AD03009604B2 /* NSMutableArray+SWUtilityButtons.m in Sources */ = {isa = PBXBuildFile; fileRef = A1824FC91A98AD03009604B2 /* NSMutableArray+SWUtilityButtons.m */; };
		A1824FD51A98AD03009604B2 /* SWCellScrollView.m in Sources */ = {isa = PBXBuildFile; fileRef = A1824FCB1A98AD03009604B2 /* SWCellScrollView.m */; };
		A1824FD61A98AD03009604B2 /* SWLongPressGestureRecognizer.m in Sources */ = {isa = PBXBuildFile; fileRef = A1824FCD1A98AD03009604B2 /* SWLongPressGestureRecognizer.m */; };
		A1824FD71A98AD03009604B2 /* SWTableViewCell.m in Sources */ = {isa = PBXBuildFile; fileRef = A1824FCF1A98AD03009604B2 /* SWTableViewCell.m */; };
		A1824FD81A98AD03009604B2 /* SWUtilityButtonTapGestureRecognizer.m in Sources */ = {isa = PBXBuildFile; fileRef = A1824FD11A98AD03009604B2 /* SWUtilityButtonTapGestureRecognizer.m */; };
		A1824FD91A98AD03009604B2 /* SWUtilityButtonView.m in Sources */ = {isa = PBXBuildFile; fileRef = A1824FD31A98AD03009604B2 /* SWUtilityButtonView.m */; };
		A1824FDB1A98D0B3009604B2 /* SlideTableViewCell.swift in Sources */ = {isa = PBXBuildFile; fileRef = A1824FDA1A98D0B3009604B2 /* SlideTableViewCell.swift */; };
		A1824FDD1A98D816009604B2 /* Array+App.swift in Sources */ = {isa = PBXBuildFile; fileRef = A1824FDC1A98D816009604B2 /* Array+App.swift */; };
		A18A85D01A85AAC10078436D /* EntryCollectionViewController.swift in Sources */ = {isa = PBXBuildFile; fileRef = A18A85CF1A85AAC10078436D /* EntryCollectionViewController.swift */; };
		A18A85D41A85D4EA0078436D /* QiitaApiManager.swift in Sources */ = {isa = PBXBuildFile; fileRef = A18A85D31A85D4EA0078436D /* QiitaApiManager.swift */; };
		A18A85D61A85D5190078436D /* EntryEntity.swift in Sources */ = {isa = PBXBuildFile; fileRef = A18A85D51A85D5190078436D /* EntryEntity.swift */; };
		A191F1C71A85A3A20076C8C5 /* TopNavigationController.swift in Sources */ = {isa = PBXBuildFile; fileRef = A191F1C61A85A3A20076C8C5 /* TopNavigationController.swift */; };
		A1A16E321A90757C0052A7C6 /* UserDetailViewController.swift in Sources */ = {isa = PBXBuildFile; fileRef = A1A16E311A90757C0052A7C6 /* UserDetailViewController.swift */; };
		A1A16E341A90842C0052A7C6 /* UserDetailView.swift in Sources */ = {isa = PBXBuildFile; fileRef = A1A16E331A90842C0052A7C6 /* UserDetailView.swift */; };
		A1A8D9E01A82F92C00231D84 /* AppDelegate.swift in Sources */ = {isa = PBXBuildFile; fileRef = A1A8D9DF1A82F92C00231D84 /* AppDelegate.swift */; };
		A1A8D9E51A82F92C00231D84 /* Main.storyboard in Resources */ = {isa = PBXBuildFile; fileRef = A1A8D9E31A82F92C00231D84 /* Main.storyboard */; };
		A1A8D9E71A82F92C00231D84 /* Images.xcassets in Resources */ = {isa = PBXBuildFile; fileRef = A1A8D9E61A82F92C00231D84 /* Images.xcassets */; };
		A1A8D9EA1A82F92C00231D84 /* LaunchScreen.xib in Resources */ = {isa = PBXBuildFile; fileRef = A1A8D9E81A82F92C00231D84 /* LaunchScreen.xib */; };
		A1A8D9F61A82F92C00231D84 /* QiitaCollectionTests.swift in Sources */ = {isa = PBXBuildFile; fileRef = A1A8D9F51A82F92C00231D84 /* QiitaCollectionTests.swift */; };
		A1B1C6BB1A90928E001419E9 /* UILabel+App.swift in Sources */ = {isa = PBXBuildFile; fileRef = A1B1C6BA1A90928E001419E9 /* UILabel+App.swift */; };
		A1B1C6BD1A90C0EB001419E9 /* EntryListViewController.swift in Sources */ = {isa = PBXBuildFile; fileRef = A1B1C6BC1A90C0EB001419E9 /* EntryListViewController.swift */; };
		A1B1C6BF1A90E55D001419E9 /* EntryTableViewCell.swift in Sources */ = {isa = PBXBuildFile; fileRef = A1B1C6BE1A90E55D001419E9 /* EntryTableViewCell.swift */; };
		A1C0B5B81A96C4FE0086F92E /* BaseCollectionView.swift in Sources */ = {isa = PBXBuildFile; fileRef = A1C0B5B71A96C4FE0086F92E /* BaseCollectionView.swift */; };
		A1C0B5BB1A96C8000086F92E /* EntityProtocol.swift in Sources */ = {isa = PBXBuildFile; fileRef = A1C0B5BA1A96C8000086F92E /* EntityProtocol.swift */; };
		A1CF433D1A8B06190016209C /* QCKeys.swift in Sources */ = {isa = PBXBuildFile; fileRef = A1CF433C1A8B06190016209C /* QCKeys.swift */; };
		A1CF433F1A8B1E350016209C /* EntryDetailViewController.swift in Sources */ = {isa = PBXBuildFile; fileRef = A1CF433E1A8B1E350016209C /* EntryDetailViewController.swift */; };
		A1CF43421A8B54620016209C /* entry.html in Resources */ = {isa = PBXBuildFile; fileRef = A1CF43411A8B54620016209C /* entry.html */; };
		A1CF43511A8BBE380016209C /* BaseViewController.swift in Sources */ = {isa = PBXBuildFile; fileRef = A1CF43501A8BBE380016209C /* BaseViewController.swift */; };
		A1D8A8351A8750240040C195 /* UIImageView+App.swift in Sources */ = {isa = PBXBuildFile; fileRef = A1D8A8341A8750240040C195 /* UIImageView+App.swift */; };
		A1D8A83A1A87917F0040C195 /* UIView+Constraint.m in Sources */ = {isa = PBXBuildFile; fileRef = A1D8A8391A87917F0040C195 /* UIView+Constraint.m */; };
		A1EB79171A9E1F32007E931E /* ViewPagerController.m in Sources */ = {isa = PBXBuildFile; fileRef = A1EB79161A9E1F32007E931E /* ViewPagerController.m */; };
		A1EB791B1A9E3709007E931E /* CNPGridMenu.m in Sources */ = {isa = PBXBuildFile; fileRef = A1EB791A1A9E3709007E931E /* CNPGridMenu.m */; };
		A1F157ED1A8FB1490064EA47 /* JFMinimalNotification.m in Sources */ = {isa = PBXBuildFile; fileRef = A1F157E41A8FB1490064EA47 /* JFMinimalNotification.m */; };
		A1F157EE1A8FB1490064EA47 /* JFMinimalNotificationArt.m in Sources */ = {isa = PBXBuildFile; fileRef = A1F157E61A8FB1490064EA47 /* JFMinimalNotificationArt.m */; };
		A1F157EF1A8FB1490064EA47 /* NSInvocation+Constructors.m in Sources */ = {isa = PBXBuildFile; fileRef = A1F157E81A8FB1490064EA47 /* NSInvocation+Constructors.m */; };
		A1F157F01A8FB1490064EA47 /* UIColor+JFMinimalNotificationColors.m in Sources */ = {isa = PBXBuildFile; fileRef = A1F157EA1A8FB1490064EA47 /* UIColor+JFMinimalNotificationColors.m */; };
		A1F157F11A8FB1490064EA47 /* UIView+Round.m in Sources */ = {isa = PBXBuildFile; fileRef = A1F157EC1A8FB1490064EA47 /* UIView+Round.m */; };
		A1F294DE1A97A270005E1C02 /* UserDataManager.swift in Sources */ = {isa = PBXBuildFile; fileRef = A1F294DD1A97A270005E1C02 /* UserDataManager.swift */; };
		A1F294E51A986875005E1C02 /* SimpleListViewController.swift in Sources */ = {isa = PBXBuildFile; fileRef = A1F294E41A986875005E1C02 /* SimpleListViewController.swift */; };
		A1F8D5091A88FC3C00660741 /* UIView+App.swift in Sources */ = {isa = PBXBuildFile; fileRef = A1F8D5081A88FC3C00660741 /* UIView+App.swift */; };
/* End PBXBuildFile section */

/* Begin PBXContainerItemProxy section */
		A1A8D9F01A82F92C00231D84 /* PBXContainerItemProxy */ = {
			isa = PBXContainerItemProxy;
			containerPortal = A1A8D9D21A82F92C00231D84 /* Project object */;
			proxyType = 1;
			remoteGlobalIDString = A1A8D9D91A82F92C00231D84;
			remoteInfo = QiitaCollection;
		};
/* End PBXContainerItemProxy section */

/* Begin PBXFileReference section */
		6517A45D668260FDADA92DBD /* Pods.debug.xcconfig */ = {isa = PBXFileReference; includeInIndex = 1; lastKnownFileType = text.xcconfig; name = Pods.debug.xcconfig; path = "Pods/Target Support Files/Pods/Pods.debug.xcconfig"; sourceTree = "<group>"; };
		838D04FEA8FB0D070F2360E6 /* Pods.release.xcconfig */ = {isa = PBXFileReference; includeInIndex = 1; lastKnownFileType = text.xcconfig; name = Pods.release.xcconfig; path = "Pods/Target Support Files/Pods/Pods.release.xcconfig"; sourceTree = "<group>"; };
		939537E42F84BB812A2B5FC2 /* Pods.framework */ = {isa = PBXFileReference; explicitFileType = wrapper.framework; includeInIndex = 0; path = Pods.framework; sourceTree = BUILT_PRODUCTS_DIR; };
		A103AF391A86141200FF0B24 /* EntryCollectionViewCell.swift */ = {isa = PBXFileReference; fileEncoding = 4; lastKnownFileType = sourcecode.swift; path = EntryCollectionViewCell.swift; sourceTree = "<group>"; };
		A103AF3B1A86238B00FF0B24 /* QiitaCollection-Bridging-Header.h */ = {isa = PBXFileReference; lastKnownFileType = sourcecode.c.h; path = "QiitaCollection-Bridging-Header.h"; sourceTree = "<group>"; };
		A103AF3F1A86553000FF0B24 /* UserEntity.swift */ = {isa = PBXFileReference; fileEncoding = 4; lastKnownFileType = sourcecode.swift; path = UserEntity.swift; sourceTree = "<group>"; };
		A103AF421A865DE700FF0B24 /* UIColor+App.swift */ = {isa = PBXFileReference; fileEncoding = 4; lastKnownFileType = sourcecode.swift; path = "UIColor+App.swift"; sourceTree = "<group>"; };
		A103AF441A866A0D00FF0B24 /* UIImage+App.swift */ = {isa = PBXFileReference; fileEncoding = 4; lastKnownFileType = sourcecode.swift; path = "UIImage+App.swift"; sourceTree = "<group>"; };
		A103AF461A867A9100FF0B24 /* TagEntity.swift */ = {isa = PBXFileReference; fileEncoding = 4; lastKnownFileType = sourcecode.swift; path = TagEntity.swift; sourceTree = "<group>"; };
		A118A61D1A8F4AA600350841 /* EntryDetailView.swift */ = {isa = PBXFileReference; fileEncoding = 4; lastKnownFileType = sourcecode.swift; path = EntryDetailView.swift; sourceTree = "<group>"; };
		A124A21F1A87BF99007A42E9 /* PagerViewController.swift */ = {isa = PBXFileReference; fileEncoding = 4; lastKnownFileType = sourcecode.swift; path = PagerViewController.swift; sourceTree = "<group>"; };
		A14149361A9C1557003B7898 /* PathMenu.swift */ = {isa = PBXFileReference; fileEncoding = 4; lastKnownFileType = sourcecode.swift; path = PathMenu.swift; sourceTree = "<group>"; };
		A14149371A9C1557003B7898 /* PathMenuItem.swift */ = {isa = PBXFileReference; fileEncoding = 4; lastKnownFileType = sourcecode.swift; path = PathMenuItem.swift; sourceTree = "<group>"; };
		A141493A1A9C2985003B7898 /* QCPathMenuItem.swift */ = {isa = PBXFileReference; fileEncoding = 4; lastKnownFileType = sourcecode.swift; path = QCPathMenuItem.swift; sourceTree = "<group>"; };
		A143C0E21A9B87CD00C531B4 /* MuteListViewController.swift */ = {isa = PBXFileReference; fileEncoding = 4; lastKnownFileType = sourcecode.swift; path = MuteListViewController.swift; sourceTree = "<group>"; };
		A143C0E41A9B897D00C531B4 /* PinListViewController.swift */ = {isa = PBXFileReference; fileEncoding = 4; lastKnownFileType = sourcecode.swift; path = PinListViewController.swift; sourceTree = "<group>"; };
		A16BA04B1A96EA4800FF7ACA /* BaseTableView.swift */ = {isa = PBXFileReference; fileEncoding = 4; lastKnownFileType = sourcecode.swift; path = BaseTableView.swift; sourceTree = "<group>"; };
		A17D0C4B1A963A510020229B /* SCLAlertView.h */ = {isa = PBXFileReference; fileEncoding = 4; lastKnownFileType = sourcecode.c.h; name = SCLAlertView.h; path = SCLAlertView/SCLAlertView.h; sourceTree = "<group>"; };
		A17D0C4C1A963A510020229B /* SCLAlertView.m */ = {isa = PBXFileReference; fileEncoding = 4; lastKnownFileType = sourcecode.c.objc; name = SCLAlertView.m; path = SCLAlertView/SCLAlertView.m; sourceTree = "<group>"; };
		A17D0C4D1A963A510020229B /* SCLAlertViewResponder.h */ = {isa = PBXFileReference; fileEncoding = 4; lastKnownFileType = sourcecode.c.h; name = SCLAlertViewResponder.h; path = SCLAlertView/SCLAlertViewResponder.h; sourceTree = "<group>"; };
		A17D0C4E1A963A510020229B /* SCLAlertViewResponder.m */ = {isa = PBXFileReference; fileEncoding = 4; lastKnownFileType = sourcecode.c.objc; name = SCLAlertViewResponder.m; path = SCLAlertView/SCLAlertViewResponder.m; sourceTree = "<group>"; };
		A17D0C4F1A963A510020229B /* SCLAlertViewStyleKit.h */ = {isa = PBXFileReference; fileEncoding = 4; lastKnownFileType = sourcecode.c.h; name = SCLAlertViewStyleKit.h; path = SCLAlertView/SCLAlertViewStyleKit.h; sourceTree = "<group>"; };
		A17D0C501A963A510020229B /* SCLAlertViewStyleKit.m */ = {isa = PBXFileReference; fileEncoding = 4; lastKnownFileType = sourcecode.c.objc; name = SCLAlertViewStyleKit.m; path = SCLAlertView/SCLAlertViewStyleKit.m; sourceTree = "<group>"; };
		A17D0C511A963A510020229B /* SCLButton.h */ = {isa = PBXFileReference; fileEncoding = 4; lastKnownFileType = sourcecode.c.h; name = SCLButton.h; path = SCLAlertView/SCLButton.h; sourceTree = "<group>"; };
		A17D0C521A963A510020229B /* SCLButton.m */ = {isa = PBXFileReference; fileEncoding = 4; lastKnownFileType = sourcecode.c.objc; name = SCLButton.m; path = SCLAlertView/SCLButton.m; sourceTree = "<group>"; };
		A17D0C531A963A510020229B /* UIImage+ImageEffects.h */ = {isa = PBXFileReference; fileEncoding = 4; lastKnownFileType = sourcecode.c.h; name = "UIImage+ImageEffects.h"; path = "SCLAlertView/UIImage+ImageEffects.h"; sourceTree = "<group>"; };
		A17D0C541A963A510020229B /* UIImage+ImageEffects.m */ = {isa = PBXFileReference; fileEncoding = 4; lastKnownFileType = sourcecode.c.objc; name = "UIImage+ImageEffects.m"; path = "SCLAlertView/UIImage+ImageEffects.m"; sourceTree = "<group>"; };
		A18030611A99C83800EA8D4A /* SearchConditionView.swift */ = {isa = PBXFileReference; fileEncoding = 4; lastKnownFileType = sourcecode.swift; path = SearchConditionView.swift; sourceTree = "<group>"; };
		A18030631A99CFF600EA8D4A /* SearchViewController.swift */ = {isa = PBXFileReference; fileEncoding = 4; lastKnownFileType = sourcecode.swift; path = SearchViewController.swift; sourceTree = "<group>"; };
		A18030651A9A21CA00EA8D4A /* SearchTableViewCell.swift */ = {isa = PBXFileReference; fileEncoding = 4; lastKnownFileType = sourcecode.swift; path = SearchTableViewCell.swift; sourceTree = "<group>"; };
		A1824FC51A987FEE009604B2 /* Toast.swift */ = {isa = PBXFileReference; fileEncoding = 4; lastKnownFileType = sourcecode.swift; path = Toast.swift; sourceTree = "<group>"; };
		A1824FC81A98AD03009604B2 /* NSMutableArray+SWUtilityButtons.h */ = {isa = PBXFileReference; fileEncoding = 4; lastKnownFileType = sourcecode.c.h; name = "NSMutableArray+SWUtilityButtons.h"; path = "SWTableViewCell/NSMutableArray+SWUtilityButtons.h"; sourceTree = "<group>"; };
		A1824FC91A98AD03009604B2 /* NSMutableArray+SWUtilityButtons.m */ = {isa = PBXFileReference; fileEncoding = 4; lastKnownFileType = sourcecode.c.objc; name = "NSMutableArray+SWUtilityButtons.m"; path = "SWTableViewCell/NSMutableArray+SWUtilityButtons.m"; sourceTree = "<group>"; };
		A1824FCA1A98AD03009604B2 /* SWCellScrollView.h */ = {isa = PBXFileReference; fileEncoding = 4; lastKnownFileType = sourcecode.c.h; name = SWCellScrollView.h; path = SWTableViewCell/SWCellScrollView.h; sourceTree = "<group>"; };
		A1824FCB1A98AD03009604B2 /* SWCellScrollView.m */ = {isa = PBXFileReference; fileEncoding = 4; lastKnownFileType = sourcecode.c.objc; name = SWCellScrollView.m; path = SWTableViewCell/SWCellScrollView.m; sourceTree = "<group>"; };
		A1824FCC1A98AD03009604B2 /* SWLongPressGestureRecognizer.h */ = {isa = PBXFileReference; fileEncoding = 4; lastKnownFileType = sourcecode.c.h; name = SWLongPressGestureRecognizer.h; path = SWTableViewCell/SWLongPressGestureRecognizer.h; sourceTree = "<group>"; };
		A1824FCD1A98AD03009604B2 /* SWLongPressGestureRecognizer.m */ = {isa = PBXFileReference; fileEncoding = 4; lastKnownFileType = sourcecode.c.objc; name = SWLongPressGestureRecognizer.m; path = SWTableViewCell/SWLongPressGestureRecognizer.m; sourceTree = "<group>"; };
		A1824FCE1A98AD03009604B2 /* SWTableViewCell.h */ = {isa = PBXFileReference; fileEncoding = 4; lastKnownFileType = sourcecode.c.h; name = SWTableViewCell.h; path = SWTableViewCell/SWTableViewCell.h; sourceTree = "<group>"; };
		A1824FCF1A98AD03009604B2 /* SWTableViewCell.m */ = {isa = PBXFileReference; fileEncoding = 4; lastKnownFileType = sourcecode.c.objc; name = SWTableViewCell.m; path = SWTableViewCell/SWTableViewCell.m; sourceTree = "<group>"; };
		A1824FD01A98AD03009604B2 /* SWUtilityButtonTapGestureRecognizer.h */ = {isa = PBXFileReference; fileEncoding = 4; lastKnownFileType = sourcecode.c.h; name = SWUtilityButtonTapGestureRecognizer.h; path = SWTableViewCell/SWUtilityButtonTapGestureRecognizer.h; sourceTree = "<group>"; };
		A1824FD11A98AD03009604B2 /* SWUtilityButtonTapGestureRecognizer.m */ = {isa = PBXFileReference; fileEncoding = 4; lastKnownFileType = sourcecode.c.objc; name = SWUtilityButtonTapGestureRecognizer.m; path = SWTableViewCell/SWUtilityButtonTapGestureRecognizer.m; sourceTree = "<group>"; };
		A1824FD21A98AD03009604B2 /* SWUtilityButtonView.h */ = {isa = PBXFileReference; fileEncoding = 4; lastKnownFileType = sourcecode.c.h; name = SWUtilityButtonView.h; path = SWTableViewCell/SWUtilityButtonView.h; sourceTree = "<group>"; };
		A1824FD31A98AD03009604B2 /* SWUtilityButtonView.m */ = {isa = PBXFileReference; fileEncoding = 4; lastKnownFileType = sourcecode.c.objc; name = SWUtilityButtonView.m; path = SWTableViewCell/SWUtilityButtonView.m; sourceTree = "<group>"; };
		A1824FDA1A98D0B3009604B2 /* SlideTableViewCell.swift */ = {isa = PBXFileReference; fileEncoding = 4; lastKnownFileType = sourcecode.swift; path = SlideTableViewCell.swift; sourceTree = "<group>"; };
		A1824FDC1A98D816009604B2 /* Array+App.swift */ = {isa = PBXFileReference; fileEncoding = 4; lastKnownFileType = sourcecode.swift; path = "Array+App.swift"; sourceTree = "<group>"; };
		A18A85CF1A85AAC10078436D /* EntryCollectionViewController.swift */ = {isa = PBXFileReference; fileEncoding = 4; lastKnownFileType = sourcecode.swift; path = EntryCollectionViewController.swift; sourceTree = "<group>"; };
		A18A85D31A85D4EA0078436D /* QiitaApiManager.swift */ = {isa = PBXFileReference; fileEncoding = 4; lastKnownFileType = sourcecode.swift; path = QiitaApiManager.swift; sourceTree = "<group>"; };
		A18A85D51A85D5190078436D /* EntryEntity.swift */ = {isa = PBXFileReference; fileEncoding = 4; lastKnownFileType = sourcecode.swift; path = EntryEntity.swift; sourceTree = "<group>"; };
		A191F1C61A85A3A20076C8C5 /* TopNavigationController.swift */ = {isa = PBXFileReference; fileEncoding = 4; lastKnownFileType = sourcecode.swift; path = TopNavigationController.swift; sourceTree = "<group>"; };
		A1A16E311A90757C0052A7C6 /* UserDetailViewController.swift */ = {isa = PBXFileReference; fileEncoding = 4; lastKnownFileType = sourcecode.swift; path = UserDetailViewController.swift; sourceTree = "<group>"; };
		A1A16E331A90842C0052A7C6 /* UserDetailView.swift */ = {isa = PBXFileReference; fileEncoding = 4; lastKnownFileType = sourcecode.swift; path = UserDetailView.swift; sourceTree = "<group>"; };
		A1A8D9DA1A82F92C00231D84 /* QiitaCollection.app */ = {isa = PBXFileReference; explicitFileType = wrapper.application; includeInIndex = 0; path = QiitaCollection.app; sourceTree = BUILT_PRODUCTS_DIR; };
		A1A8D9DE1A82F92C00231D84 /* Info.plist */ = {isa = PBXFileReference; lastKnownFileType = text.plist.xml; path = Info.plist; sourceTree = "<group>"; };
		A1A8D9DF1A82F92C00231D84 /* AppDelegate.swift */ = {isa = PBXFileReference; lastKnownFileType = sourcecode.swift; path = AppDelegate.swift; sourceTree = "<group>"; };
		A1A8D9E41A82F92C00231D84 /* Base */ = {isa = PBXFileReference; lastKnownFileType = file.storyboard; name = Base; path = Base.lproj/Main.storyboard; sourceTree = "<group>"; };
		A1A8D9E61A82F92C00231D84 /* Images.xcassets */ = {isa = PBXFileReference; lastKnownFileType = folder.assetcatalog; path = Images.xcassets; sourceTree = "<group>"; };
		A1A8D9E91A82F92C00231D84 /* Base */ = {isa = PBXFileReference; lastKnownFileType = file.xib; name = Base; path = Base.lproj/LaunchScreen.xib; sourceTree = "<group>"; };
		A1A8D9EF1A82F92C00231D84 /* QiitaCollectionTests.xctest */ = {isa = PBXFileReference; explicitFileType = wrapper.cfbundle; includeInIndex = 0; path = QiitaCollectionTests.xctest; sourceTree = BUILT_PRODUCTS_DIR; };
		A1A8D9F41A82F92C00231D84 /* Info.plist */ = {isa = PBXFileReference; lastKnownFileType = text.plist.xml; path = Info.plist; sourceTree = "<group>"; };
		A1A8D9F51A82F92C00231D84 /* QiitaCollectionTests.swift */ = {isa = PBXFileReference; lastKnownFileType = sourcecode.swift; path = QiitaCollectionTests.swift; sourceTree = "<group>"; };
		A1B1C6BA1A90928E001419E9 /* UILabel+App.swift */ = {isa = PBXFileReference; fileEncoding = 4; lastKnownFileType = sourcecode.swift; path = "UILabel+App.swift"; sourceTree = "<group>"; };
		A1B1C6BC1A90C0EB001419E9 /* EntryListViewController.swift */ = {isa = PBXFileReference; fileEncoding = 4; lastKnownFileType = sourcecode.swift; path = EntryListViewController.swift; sourceTree = "<group>"; };
		A1B1C6BE1A90E55D001419E9 /* EntryTableViewCell.swift */ = {isa = PBXFileReference; fileEncoding = 4; lastKnownFileType = sourcecode.swift; path = EntryTableViewCell.swift; sourceTree = "<group>"; };
		A1C0B5B71A96C4FE0086F92E /* BaseCollectionView.swift */ = {isa = PBXFileReference; fileEncoding = 4; lastKnownFileType = sourcecode.swift; path = BaseCollectionView.swift; sourceTree = "<group>"; };
		A1C0B5BA1A96C8000086F92E /* EntityProtocol.swift */ = {isa = PBXFileReference; fileEncoding = 4; lastKnownFileType = sourcecode.swift; path = EntityProtocol.swift; sourceTree = "<group>"; };
		A1CF433C1A8B06190016209C /* QCKeys.swift */ = {isa = PBXFileReference; fileEncoding = 4; lastKnownFileType = sourcecode.swift; path = QCKeys.swift; sourceTree = "<group>"; };
		A1CF433E1A8B1E350016209C /* EntryDetailViewController.swift */ = {isa = PBXFileReference; fileEncoding = 4; lastKnownFileType = sourcecode.swift; path = EntryDetailViewController.swift; sourceTree = "<group>"; };
		A1CF43411A8B54620016209C /* entry.html */ = {isa = PBXFileReference; fileEncoding = 4; lastKnownFileType = text.html; path = entry.html; sourceTree = "<group>"; };
		A1CF43501A8BBE380016209C /* BaseViewController.swift */ = {isa = PBXFileReference; fileEncoding = 4; lastKnownFileType = sourcecode.swift; path = BaseViewController.swift; sourceTree = "<group>"; };
		A1D8A8341A8750240040C195 /* UIImageView+App.swift */ = {isa = PBXFileReference; fileEncoding = 4; lastKnownFileType = sourcecode.swift; path = "UIImageView+App.swift"; sourceTree = "<group>"; };
		A1D8A8381A87917F0040C195 /* UIView+Constraint.h */ = {isa = PBXFileReference; fileEncoding = 4; lastKnownFileType = sourcecode.c.h; path = "UIView+Constraint.h"; sourceTree = "<group>"; };
		A1D8A8391A87917F0040C195 /* UIView+Constraint.m */ = {isa = PBXFileReference; fileEncoding = 4; lastKnownFileType = sourcecode.c.objc; path = "UIView+Constraint.m"; sourceTree = "<group>"; };
		A1EB79151A9E1F32007E931E /* ViewPagerController.h */ = {isa = PBXFileReference; fileEncoding = 4; lastKnownFileType = sourcecode.c.h; path = ViewPagerController.h; sourceTree = "<group>"; };
		A1EB79161A9E1F32007E931E /* ViewPagerController.m */ = {isa = PBXFileReference; fileEncoding = 4; lastKnownFileType = sourcecode.c.objc; path = ViewPagerController.m; sourceTree = "<group>"; };
		A1EB79191A9E3709007E931E /* CNPGridMenu.h */ = {isa = PBXFileReference; fileEncoding = 4; lastKnownFileType = sourcecode.c.h; path = CNPGridMenu.h; sourceTree = "<group>"; };
		A1EB791A1A9E3709007E931E /* CNPGridMenu.m */ = {isa = PBXFileReference; fileEncoding = 4; lastKnownFileType = sourcecode.c.objc; path = CNPGridMenu.m; sourceTree = "<group>"; };
		A1F157E31A8FB1490064EA47 /* JFMinimalNotification.h */ = {isa = PBXFileReference; fileEncoding = 4; lastKnownFileType = sourcecode.c.h; path = JFMinimalNotification.h; sourceTree = "<group>"; };
		A1F157E41A8FB1490064EA47 /* JFMinimalNotification.m */ = {isa = PBXFileReference; fileEncoding = 4; lastKnownFileType = sourcecode.c.objc; path = JFMinimalNotification.m; sourceTree = "<group>"; };
		A1F157E51A8FB1490064EA47 /* JFMinimalNotificationArt.h */ = {isa = PBXFileReference; fileEncoding = 4; lastKnownFileType = sourcecode.c.h; path = JFMinimalNotificationArt.h; sourceTree = "<group>"; };
		A1F157E61A8FB1490064EA47 /* JFMinimalNotificationArt.m */ = {isa = PBXFileReference; fileEncoding = 4; lastKnownFileType = sourcecode.c.objc; path = JFMinimalNotificationArt.m; sourceTree = "<group>"; };
		A1F157E71A8FB1490064EA47 /* NSInvocation+Constructors.h */ = {isa = PBXFileReference; fileEncoding = 4; lastKnownFileType = sourcecode.c.h; path = "NSInvocation+Constructors.h"; sourceTree = "<group>"; };
		A1F157E81A8FB1490064EA47 /* NSInvocation+Constructors.m */ = {isa = PBXFileReference; fileEncoding = 4; lastKnownFileType = sourcecode.c.objc; path = "NSInvocation+Constructors.m"; sourceTree = "<group>"; };
		A1F157E91A8FB1490064EA47 /* UIColor+JFMinimalNotificationColors.h */ = {isa = PBXFileReference; fileEncoding = 4; lastKnownFileType = sourcecode.c.h; path = "UIColor+JFMinimalNotificationColors.h"; sourceTree = "<group>"; };
		A1F157EA1A8FB1490064EA47 /* UIColor+JFMinimalNotificationColors.m */ = {isa = PBXFileReference; fileEncoding = 4; lastKnownFileType = sourcecode.c.objc; path = "UIColor+JFMinimalNotificationColors.m"; sourceTree = "<group>"; };
		A1F157EB1A8FB1490064EA47 /* UIView+Round.h */ = {isa = PBXFileReference; fileEncoding = 4; lastKnownFileType = sourcecode.c.h; path = "UIView+Round.h"; sourceTree = "<group>"; };
		A1F157EC1A8FB1490064EA47 /* UIView+Round.m */ = {isa = PBXFileReference; fileEncoding = 4; lastKnownFileType = sourcecode.c.objc; path = "UIView+Round.m"; sourceTree = "<group>"; };
		A1F294DD1A97A270005E1C02 /* UserDataManager.swift */ = {isa = PBXFileReference; fileEncoding = 4; lastKnownFileType = sourcecode.swift; path = UserDataManager.swift; sourceTree = "<group>"; };
		A1F294E41A986875005E1C02 /* SimpleListViewController.swift */ = {isa = PBXFileReference; fileEncoding = 4; lastKnownFileType = sourcecode.swift; path = SimpleListViewController.swift; sourceTree = "<group>"; };
		A1F8D5081A88FC3C00660741 /* UIView+App.swift */ = {isa = PBXFileReference; fileEncoding = 4; lastKnownFileType = sourcecode.swift; path = "UIView+App.swift"; sourceTree = "<group>"; };
/* End PBXFileReference section */

/* Begin PBXFrameworksBuildPhase section */
		A1A8D9D71A82F92C00231D84 /* Frameworks */ = {
			isa = PBXFrameworksBuildPhase;
			buildActionMask = 2147483647;
			files = (
				8B9C88C9AF22F6B7D64935A3 /* Pods.framework in Frameworks */,
			);
			runOnlyForDeploymentPostprocessing = 0;
		};
		A1A8D9EC1A82F92C00231D84 /* Frameworks */ = {
			isa = PBXFrameworksBuildPhase;
			buildActionMask = 2147483647;
			files = (
			);
			runOnlyForDeploymentPostprocessing = 0;
		};
/* End PBXFrameworksBuildPhase section */

/* Begin PBXGroup section */
		A103AF381A8613DA00FF0B24 /* Views */ = {
			isa = PBXGroup;
			children = (
				A1C0B5B61A96C4E70086F92E /* Base */,
				A103AF391A86141200FF0B24 /* EntryCollectionViewCell.swift */,
				A118A61D1A8F4AA600350841 /* EntryDetailView.swift */,
				A1A16E331A90842C0052A7C6 /* UserDetailView.swift */,
				A1B1C6BE1A90E55D001419E9 /* EntryTableViewCell.swift */,
				A1824FDA1A98D0B3009604B2 /* SlideTableViewCell.swift */,
				A18030611A99C83800EA8D4A /* SearchConditionView.swift */,
				A18030651A9A21CA00EA8D4A /* SearchTableViewCell.swift */,
				A141493A1A9C2985003B7898 /* QCPathMenuItem.swift */,
			);
			name = Views;
			sourceTree = "<group>";
		};
		A103AF411A865DAF00FF0B24 /* Extensions */ = {
			isa = PBXGroup;
			children = (
				A103AF421A865DE700FF0B24 /* UIColor+App.swift */,
				A103AF441A866A0D00FF0B24 /* UIImage+App.swift */,
				A1D8A8341A8750240040C195 /* UIImageView+App.swift */,
				A1F8D5081A88FC3C00660741 /* UIView+App.swift */,
				A1B1C6BA1A90928E001419E9 /* UILabel+App.swift */,
				A1824FDC1A98D816009604B2 /* Array+App.swift */,
			);
			name = Extensions;
			sourceTree = "<group>";
		};
		A118A6071A8F48A200350841 /* Libraries */ = {
			isa = PBXGroup;
			children = (
				A118A6081A8F490600350841 /* Swift */,
				A1D8A8361A87914B0040C195 /* ObjC */,
			);
			path = Libraries;
			sourceTree = "<group>";
		};
		A118A6081A8F490600350841 /* Swift */ = {
			isa = PBXGroup;
			children = (
			);
			path = Swift;
			sourceTree = "<group>";
		};
		A14149351A9C1544003B7898 /* PathMenu */ = {
			isa = PBXGroup;
			children = (
				A14149361A9C1557003B7898 /* PathMenu.swift */,
				A14149371A9C1557003B7898 /* PathMenuItem.swift */,
			);
			path = PathMenu;
			sourceTree = "<group>";
		};
		A17D0C4A1A963A410020229B /* SCLAlertView */ = {
			isa = PBXGroup;
			children = (
				A17D0C4B1A963A510020229B /* SCLAlertView.h */,
				A17D0C4C1A963A510020229B /* SCLAlertView.m */,
				A17D0C4D1A963A510020229B /* SCLAlertViewResponder.h */,
				A17D0C4E1A963A510020229B /* SCLAlertViewResponder.m */,
				A17D0C4F1A963A510020229B /* SCLAlertViewStyleKit.h */,
				A17D0C501A963A510020229B /* SCLAlertViewStyleKit.m */,
				A17D0C511A963A510020229B /* SCLButton.h */,
				A17D0C521A963A510020229B /* SCLButton.m */,
				A17D0C531A963A510020229B /* UIImage+ImageEffects.h */,
				A17D0C541A963A510020229B /* UIImage+ImageEffects.m */,
			);
			name = SCLAlertView;
			sourceTree = "<group>";
		};
		A1824FC41A987FA2009604B2 /* Models */ = {
			isa = PBXGroup;
			children = (
				A18A85D11A85D4C50078436D /* Entities */,
				A18A85D21A85D4D90078436D /* Managers */,
				A1824FC51A987FEE009604B2 /* Toast.swift */,
			);
			name = Models;
			sourceTree = "<group>";
		};
		A1824FC71A98ACF2009604B2 /* SWTableViewCell */ = {
			isa = PBXGroup;
			children = (
				A1824FC81A98AD03009604B2 /* NSMutableArray+SWUtilityButtons.h */,
				A1824FC91A98AD03009604B2 /* NSMutableArray+SWUtilityButtons.m */,
				A1824FCA1A98AD03009604B2 /* SWCellScrollView.h */,
				A1824FCB1A98AD03009604B2 /* SWCellScrollView.m */,
				A1824FCC1A98AD03009604B2 /* SWLongPressGestureRecognizer.h */,
				A1824FCD1A98AD03009604B2 /* SWLongPressGestureRecognizer.m */,
				A1824FCE1A98AD03009604B2 /* SWTableViewCell.h */,
				A1824FCF1A98AD03009604B2 /* SWTableViewCell.m */,
				A1824FD01A98AD03009604B2 /* SWUtilityButtonTapGestureRecognizer.h */,
				A1824FD11A98AD03009604B2 /* SWUtilityButtonTapGestureRecognizer.m */,
				A1824FD21A98AD03009604B2 /* SWUtilityButtonView.h */,
				A1824FD31A98AD03009604B2 /* SWUtilityButtonView.m */,
			);
			name = SWTableViewCell;
			sourceTree = "<group>";
		};
		A18A85D11A85D4C50078436D /* Entities */ = {
			isa = PBXGroup;
			children = (
				A18A85D51A85D5190078436D /* EntryEntity.swift */,
				A103AF3F1A86553000FF0B24 /* UserEntity.swift */,
				A103AF461A867A9100FF0B24 /* TagEntity.swift */,
			);
			name = Entities;
			sourceTree = "<group>";
		};
		A18A85D21A85D4D90078436D /* Managers */ = {
			isa = PBXGroup;
			children = (
				A18A85D31A85D4EA0078436D /* QiitaApiManager.swift */,
				A1F294DD1A97A270005E1C02 /* UserDataManager.swift */,
			);
			name = Managers;
			sourceTree = "<group>";
		};
		A191F1C51A85A36C0076C8C5 /* ViewControllers */ = {
			isa = PBXGroup;
			children = (
				A1C0B5B51A96C4DA0086F92E /* Base */,
				A18A85CF1A85AAC10078436D /* EntryCollectionViewController.swift */,
				A1CF433E1A8B1E350016209C /* EntryDetailViewController.swift */,
				A124A21F1A87BF99007A42E9 /* PagerViewController.swift */,
				A1A16E311A90757C0052A7C6 /* UserDetailViewController.swift */,
				A1B1C6BC1A90C0EB001419E9 /* EntryListViewController.swift */,
				A1F294E41A986875005E1C02 /* SimpleListViewController.swift */,
				A18030631A99CFF600EA8D4A /* SearchViewController.swift */,
				A143C0E21A9B87CD00C531B4 /* MuteListViewController.swift */,
				A143C0E41A9B897D00C531B4 /* PinListViewController.swift */,
			);
			name = ViewControllers;
			sourceTree = "<group>";
		};
		A1A8D9D11A82F92C00231D84 = {
			isa = PBXGroup;
			children = (
				A118A6071A8F48A200350841 /* Libraries */,
				A1A8D9DC1A82F92C00231D84 /* QiitaCollection */,
				A1A8D9F21A82F92C00231D84 /* QiitaCollectionTests */,
				A1A8D9DB1A82F92C00231D84 /* Products */,
				ACA19BCF6D1C2E1543AD7F04 /* Pods */,
				A63F41D73B84466369DCEC70 /* Frameworks */,
			);
			sourceTree = "<group>";
		};
		A1A8D9DB1A82F92C00231D84 /* Products */ = {
			isa = PBXGroup;
			children = (
				A1A8D9DA1A82F92C00231D84 /* QiitaCollection.app */,
				A1A8D9EF1A82F92C00231D84 /* QiitaCollectionTests.xctest */,
			);
			name = Products;
			sourceTree = "<group>";
		};
		A1A8D9DC1A82F92C00231D84 /* QiitaCollection */ = {
			isa = PBXGroup;
			children = (
				A1824FC41A987FA2009604B2 /* Models */,
				A1F294D51A979EC9005E1C02 /* Protocols */,
				A1CF43401A8B54450016209C /* Resources */,
				A1CF43391A8B04200016209C /* Const */,
				A103AF411A865DAF00FF0B24 /* Extensions */,
				A103AF381A8613DA00FF0B24 /* Views */,
				A191F1C51A85A36C0076C8C5 /* ViewControllers */,
				A1A8D9DF1A82F92C00231D84 /* AppDelegate.swift */,
				A191F1C61A85A3A20076C8C5 /* TopNavigationController.swift */,
				A1A8D9E31A82F92C00231D84 /* Main.storyboard */,
				A1A8D9E61A82F92C00231D84 /* Images.xcassets */,
				A1A8D9E81A82F92C00231D84 /* LaunchScreen.xib */,
				A1A8D9DD1A82F92C00231D84 /* Supporting Files */,
			);
			path = QiitaCollection;
			sourceTree = "<group>";
		};
		A1A8D9DD1A82F92C00231D84 /* Supporting Files */ = {
			isa = PBXGroup;
			children = (
				A1A8D9DE1A82F92C00231D84 /* Info.plist */,
				A103AF3B1A86238B00FF0B24 /* QiitaCollection-Bridging-Header.h */,
			);
			name = "Supporting Files";
			sourceTree = "<group>";
		};
		A1A8D9F21A82F92C00231D84 /* QiitaCollectionTests */ = {
			isa = PBXGroup;
			children = (
				A1A8D9F51A82F92C00231D84 /* QiitaCollectionTests.swift */,
				A1A8D9F31A82F92C00231D84 /* Supporting Files */,
			);
			path = QiitaCollectionTests;
			sourceTree = "<group>";
		};
		A1A8D9F31A82F92C00231D84 /* Supporting Files */ = {
			isa = PBXGroup;
			children = (
				A1A8D9F41A82F92C00231D84 /* Info.plist */,
			);
			name = "Supporting Files";
			sourceTree = "<group>";
		};
		A1C0B5B51A96C4DA0086F92E /* Base */ = {
			isa = PBXGroup;
			children = (
				A1CF43501A8BBE380016209C /* BaseViewController.swift */,
			);
			name = Base;
			sourceTree = "<group>";
		};
		A1C0B5B61A96C4E70086F92E /* Base */ = {
			isa = PBXGroup;
			children = (
				A1C0B5B71A96C4FE0086F92E /* BaseCollectionView.swift */,
				A16BA04B1A96EA4800FF7ACA /* BaseTableView.swift */,
			);
			name = Base;
			sourceTree = "<group>";
		};
		A1CF43391A8B04200016209C /* Const */ = {
			isa = PBXGroup;
			children = (
				A1CF433C1A8B06190016209C /* QCKeys.swift */,
			);
			name = Const;
			sourceTree = "<group>";
		};
		A1CF43401A8B54450016209C /* Resources */ = {
			isa = PBXGroup;
			children = (
				A1CF43411A8B54620016209C /* entry.html */,
			);
			path = Resources;
			sourceTree = "<group>";
		};
		A1D8A8361A87914B0040C195 /* ObjC */ = {
			isa = PBXGroup;
			children = (
				A1EB79181A9E36EF007E931E /* CNPGridMenu */,
				A1EB79141A9E1F1F007E931E /* ICViewPager */,
				A14149351A9C1544003B7898 /* PathMenu */,
				A1824FC71A98ACF2009604B2 /* SWTableViewCell */,
				A17D0C4A1A963A410020229B /* SCLAlertView */,
				A1F157E21A8FB12D0064EA47 /* JFMinimalNotification */,
				A1D8A8371A87916C0040C195 /* UIView-Constraint */,
			);
			path = ObjC;
			sourceTree = "<group>";
		};
		A1D8A8371A87916C0040C195 /* UIView-Constraint */ = {
			isa = PBXGroup;
			children = (
				A1D8A8381A87917F0040C195 /* UIView+Constraint.h */,
				A1D8A8391A87917F0040C195 /* UIView+Constraint.m */,
			);
			path = "UIView-Constraint";
			sourceTree = "<group>";
		};
		A1EB79141A9E1F1F007E931E /* ICViewPager */ = {
			isa = PBXGroup;
			children = (
				A1EB79151A9E1F32007E931E /* ViewPagerController.h */,
				A1EB79161A9E1F32007E931E /* ViewPagerController.m */,
			);
			path = ICViewPager;
			sourceTree = "<group>";
		};
		A1EB79181A9E36EF007E931E /* CNPGridMenu */ = {
			isa = PBXGroup;
			children = (
				A1EB79191A9E3709007E931E /* CNPGridMenu.h */,
				A1EB791A1A9E3709007E931E /* CNPGridMenu.m */,
			);
			path = CNPGridMenu;
			sourceTree = "<group>";
		};
		A1F157E21A8FB12D0064EA47 /* JFMinimalNotification */ = {
			isa = PBXGroup;
			children = (
				A1F157E31A8FB1490064EA47 /* JFMinimalNotification.h */,
				A1F157E41A8FB1490064EA47 /* JFMinimalNotification.m */,
				A1F157E51A8FB1490064EA47 /* JFMinimalNotificationArt.h */,
				A1F157E61A8FB1490064EA47 /* JFMinimalNotificationArt.m */,
				A1F157E71A8FB1490064EA47 /* NSInvocation+Constructors.h */,
				A1F157E81A8FB1490064EA47 /* NSInvocation+Constructors.m */,
				A1F157E91A8FB1490064EA47 /* UIColor+JFMinimalNotificationColors.h */,
				A1F157EA1A8FB1490064EA47 /* UIColor+JFMinimalNotificationColors.m */,
				A1F157EB1A8FB1490064EA47 /* UIView+Round.h */,
				A1F157EC1A8FB1490064EA47 /* UIView+Round.m */,
			);
			path = JFMinimalNotification;
			sourceTree = "<group>";
		};
		A1F294D51A979EC9005E1C02 /* Protocols */ = {
			isa = PBXGroup;
			children = (
				A1C0B5BA1A96C8000086F92E /* EntityProtocol.swift */,
			);
			name = Protocols;
			sourceTree = "<group>";
		};
		A63F41D73B84466369DCEC70 /* Frameworks */ = {
			isa = PBXGroup;
			children = (
				939537E42F84BB812A2B5FC2 /* Pods.framework */,
			);
			name = Frameworks;
			sourceTree = "<group>";
		};
		ACA19BCF6D1C2E1543AD7F04 /* Pods */ = {
			isa = PBXGroup;
			children = (
				6517A45D668260FDADA92DBD /* Pods.debug.xcconfig */,
				838D04FEA8FB0D070F2360E6 /* Pods.release.xcconfig */,
			);
			name = Pods;
			sourceTree = "<group>";
		};
/* End PBXGroup section */

/* Begin PBXNativeTarget section */
		A1A8D9D91A82F92C00231D84 /* QiitaCollection */ = {
			isa = PBXNativeTarget;
			buildConfigurationList = A1A8D9F91A82F92C00231D84 /* Build configuration list for PBXNativeTarget "QiitaCollection" */;
			buildPhases = (
				6F5C88157BDBDA021B5202B7 /* Check Pods Manifest.lock */,
				A1A8D9D61A82F92C00231D84 /* Sources */,
				A1A8D9D71A82F92C00231D84 /* Frameworks */,
				A1A8D9D81A82F92C00231D84 /* Resources */,
				80F3F092861B1B20FCC36CC2 /* Copy Pods Resources */,
				EE29555574A172AE4D1609D0 /* Embed Pods Frameworks */,
			);
			buildRules = (
			);
			dependencies = (
			);
			name = QiitaCollection;
			productName = QiitaCollection;
			productReference = A1A8D9DA1A82F92C00231D84 /* QiitaCollection.app */;
			productType = "com.apple.product-type.application";
		};
		A1A8D9EE1A82F92C00231D84 /* QiitaCollectionTests */ = {
			isa = PBXNativeTarget;
			buildConfigurationList = A1A8D9FC1A82F92C00231D84 /* Build configuration list for PBXNativeTarget "QiitaCollectionTests" */;
			buildPhases = (
				A1A8D9EB1A82F92C00231D84 /* Sources */,
				A1A8D9EC1A82F92C00231D84 /* Frameworks */,
				A1A8D9ED1A82F92C00231D84 /* Resources */,
			);
			buildRules = (
			);
			dependencies = (
				A1A8D9F11A82F92C00231D84 /* PBXTargetDependency */,
			);
			name = QiitaCollectionTests;
			productName = QiitaCollectionTests;
			productReference = A1A8D9EF1A82F92C00231D84 /* QiitaCollectionTests.xctest */;
			productType = "com.apple.product-type.bundle.unit-test";
		};
/* End PBXNativeTarget section */

/* Begin PBXProject section */
		A1A8D9D21A82F92C00231D84 /* Project object */ = {
			isa = PBXProject;
			attributes = {
				LastUpgradeCheck = 0610;
				ORGANIZATIONNAME = anz;
				TargetAttributes = {
					A1A8D9D91A82F92C00231D84 = {
						CreatedOnToolsVersion = 6.1.1;
					};
					A1A8D9EE1A82F92C00231D84 = {
						CreatedOnToolsVersion = 6.1.1;
						TestTargetID = A1A8D9D91A82F92C00231D84;
					};
				};
			};
			buildConfigurationList = A1A8D9D51A82F92C00231D84 /* Build configuration list for PBXProject "QiitaCollection" */;
			compatibilityVersion = "Xcode 3.2";
			developmentRegion = English;
			hasScannedForEncodings = 0;
			knownRegions = (
				en,
				Base,
			);
			mainGroup = A1A8D9D11A82F92C00231D84;
			productRefGroup = A1A8D9DB1A82F92C00231D84 /* Products */;
			projectDirPath = "";
			projectRoot = "";
			targets = (
				A1A8D9D91A82F92C00231D84 /* QiitaCollection */,
				A1A8D9EE1A82F92C00231D84 /* QiitaCollectionTests */,
			);
		};
/* End PBXProject section */

/* Begin PBXResourcesBuildPhase section */
		A1A8D9D81A82F92C00231D84 /* Resources */ = {
			isa = PBXResourcesBuildPhase;
			buildActionMask = 2147483647;
			files = (
				A1A8D9E51A82F92C00231D84 /* Main.storyboard in Resources */,
				A1A8D9EA1A82F92C00231D84 /* LaunchScreen.xib in Resources */,
				A1A8D9E71A82F92C00231D84 /* Images.xcassets in Resources */,
				A1CF43421A8B54620016209C /* entry.html in Resources */,
			);
			runOnlyForDeploymentPostprocessing = 0;
		};
		A1A8D9ED1A82F92C00231D84 /* Resources */ = {
			isa = PBXResourcesBuildPhase;
			buildActionMask = 2147483647;
			files = (
			);
			runOnlyForDeploymentPostprocessing = 0;
		};
/* End PBXResourcesBuildPhase section */

/* Begin PBXShellScriptBuildPhase section */
		6F5C88157BDBDA021B5202B7 /* Check Pods Manifest.lock */ = {
			isa = PBXShellScriptBuildPhase;
			buildActionMask = 2147483647;
			files = (
			);
			inputPaths = (
			);
			name = "Check Pods Manifest.lock";
			outputPaths = (
			);
			runOnlyForDeploymentPostprocessing = 0;
			shellPath = /bin/sh;
			shellScript = "diff \"${PODS_ROOT}/../Podfile.lock\" \"${PODS_ROOT}/Manifest.lock\" > /dev/null\nif [[ $? != 0 ]] ; then\n    cat << EOM\nerror: The sandbox is not in sync with the Podfile.lock. Run 'pod install' or update your CocoaPods installation.\nEOM\n    exit 1\nfi\n";
			showEnvVarsInLog = 0;
		};
		80F3F092861B1B20FCC36CC2 /* Copy Pods Resources */ = {
			isa = PBXShellScriptBuildPhase;
			buildActionMask = 2147483647;
			files = (
			);
			inputPaths = (
			);
			name = "Copy Pods Resources";
			outputPaths = (
			);
			runOnlyForDeploymentPostprocessing = 0;
			shellPath = /bin/sh;
			shellScript = "\"${SRCROOT}/Pods/Target Support Files/Pods/Pods-resources.sh\"\n";
			showEnvVarsInLog = 0;
		};
		EE29555574A172AE4D1609D0 /* Embed Pods Frameworks */ = {
			isa = PBXShellScriptBuildPhase;
			buildActionMask = 2147483647;
			files = (
			);
			inputPaths = (
			);
			name = "Embed Pods Frameworks";
			outputPaths = (
			);
			runOnlyForDeploymentPostprocessing = 0;
			shellPath = /bin/sh;
			shellScript = "\"${SRCROOT}/Pods/Target Support Files/Pods/Pods-frameworks.sh\"\n";
			showEnvVarsInLog = 0;
		};
/* End PBXShellScriptBuildPhase section */

/* Begin PBXSourcesBuildPhase section */
		A1A8D9D61A82F92C00231D84 /* Sources */ = {
			isa = PBXSourcesBuildPhase;
			buildActionMask = 2147483647;
			files = (
				A1824FD81A98AD03009604B2 /* SWUtilityButtonTapGestureRecognizer.m in Sources */,
				A1824FD71A98AD03009604B2 /* SWTableViewCell.m in Sources */,
				A1824FC61A987FEE009604B2 /* Toast.swift in Sources */,
				A1F157F11A8FB1490064EA47 /* UIView+Round.m in Sources */,
				A1F8D5091A88FC3C00660741 /* UIView+App.swift in Sources */,
				A1C0B5BB1A96C8000086F92E /* EntityProtocol.swift in Sources */,
				A1F157EF1A8FB1490064EA47 /* NSInvocation+Constructors.m in Sources */,
				A16BA04C1A96EA4800FF7ACA /* BaseTableView.swift in Sources */,
				A191F1C71A85A3A20076C8C5 /* TopNavigationController.swift in Sources */,
				A1CF433D1A8B06190016209C /* QCKeys.swift in Sources */,
				A1C0B5B81A96C4FE0086F92E /* BaseCollectionView.swift in Sources */,
				A1A8D9E01A82F92C00231D84 /* AppDelegate.swift in Sources */,
				A1CF43511A8BBE380016209C /* BaseViewController.swift in Sources */,
				A1B1C6BF1A90E55D001419E9 /* EntryTableViewCell.swift in Sources */,
				A103AF431A865DE700FF0B24 /* UIColor+App.swift in Sources */,
				A14149381A9C1557003B7898 /* PathMenu.swift in Sources */,
				A17D0C551A963A510020229B /* SCLAlertView.m in Sources */,
				A1EB791B1A9E3709007E931E /* CNPGridMenu.m in Sources */,
				A1F294E51A986875005E1C02 /* SimpleListViewController.swift in Sources */,
				A1824FD41A98AD03009604B2 /* NSMutableArray+SWUtilityButtons.m in Sources */,
				A1824FDD1A98D816009604B2 /* Array+App.swift in Sources */,
				A1D8A83A1A87917F0040C195 /* UIView+Constraint.m in Sources */,
				A1D8A8351A8750240040C195 /* UIImageView+App.swift in Sources */,
				A1A16E321A90757C0052A7C6 /* UserDetailViewController.swift in Sources */,
				A103AF471A867A9100FF0B24 /* TagEntity.swift in Sources */,
				A18030641A99CFF600EA8D4A /* SearchViewController.swift in Sources */,
				A18A85D61A85D5190078436D /* EntryEntity.swift in Sources */,
				A1824FD61A98AD03009604B2 /* SWLongPressGestureRecognizer.m in Sources */,
				A124A2201A87BF99007A42E9 /* PagerViewController.swift in Sources */,
				A1A16E341A90842C0052A7C6 /* UserDetailView.swift in Sources */,
				A103AF451A866A0D00FF0B24 /* UIImage+App.swift in Sources */,
				A17D0C591A963A510020229B /* UIImage+ImageEffects.m in Sources */,
				A1B1C6BD1A90C0EB001419E9 /* EntryListViewController.swift in Sources */,
				A143C0E31A9B87CD00C531B4 /* MuteListViewController.swift in Sources */,
				A1F157ED1A8FB1490064EA47 /* JFMinimalNotification.m in Sources */,
				A143C0E51A9B897D00C531B4 /* PinListViewController.swift in Sources */,
				A1F157F01A8FB1490064EA47 /* UIColor+JFMinimalNotificationColors.m in Sources */,
				A1F294DE1A97A270005E1C02 /* UserDataManager.swift in Sources */,
				A18A85D01A85AAC10078436D /* EntryCollectionViewController.swift in Sources */,
				A1F157EE1A8FB1490064EA47 /* JFMinimalNotificationArt.m in Sources */,
				A1B1C6BB1A90928E001419E9 /* UILabel+App.swift in Sources */,
				A18030661A9A21CA00EA8D4A /* SearchTableViewCell.swift in Sources */,
				A17D0C581A963A510020229B /* SCLButton.m in Sources */,
				A103AF3A1A86141200FF0B24 /* EntryCollectionViewCell.swift in Sources */,
				A1EB79171A9E1F32007E931E /* ViewPagerController.m in Sources */,
				A17D0C561A963A510020229B /* SCLAlertViewResponder.m in Sources */,
				A141493B1A9C2985003B7898 /* QCPathMenuItem.swift in Sources */,
				A1824FDB1A98D0B3009604B2 /* SlideTableViewCell.swift in Sources */,
				A17D0C571A963A510020229B /* SCLAlertViewStyleKit.m in Sources */,
				A18A85D41A85D4EA0078436D /* QiitaApiManager.swift in Sources */,
				A1CF433F1A8B1E350016209C /* EntryDetailViewController.swift in Sources */,
				A18030621A99C83800EA8D4A /* SearchConditionView.swift in Sources */,
				A14149391A9C1557003B7898 /* PathMenuItem.swift in Sources */,
				A1824FD91A98AD03009604B2 /* SWUtilityButtonView.m in Sources */,
				A118A61E1A8F4AA600350841 /* EntryDetailView.swift in Sources */,
				A1824FD51A98AD03009604B2 /* SWCellScrollView.m in Sources */,
				A103AF401A86553000FF0B24 /* UserEntity.swift in Sources */,
			);
			runOnlyForDeploymentPostprocessing = 0;
		};
		A1A8D9EB1A82F92C00231D84 /* Sources */ = {
			isa = PBXSourcesBuildPhase;
			buildActionMask = 2147483647;
			files = (
				A1A8D9F61A82F92C00231D84 /* QiitaCollectionTests.swift in Sources */,
			);
			runOnlyForDeploymentPostprocessing = 0;
		};
/* End PBXSourcesBuildPhase section */

/* Begin PBXTargetDependency section */
		A1A8D9F11A82F92C00231D84 /* PBXTargetDependency */ = {
			isa = PBXTargetDependency;
			target = A1A8D9D91A82F92C00231D84 /* QiitaCollection */;
			targetProxy = A1A8D9F01A82F92C00231D84 /* PBXContainerItemProxy */;
		};
/* End PBXTargetDependency section */

/* Begin PBXVariantGroup section */
		A1A8D9E31A82F92C00231D84 /* Main.storyboard */ = {
			isa = PBXVariantGroup;
			children = (
				A1A8D9E41A82F92C00231D84 /* Base */,
			);
			name = Main.storyboard;
			sourceTree = "<group>";
		};
		A1A8D9E81A82F92C00231D84 /* LaunchScreen.xib */ = {
			isa = PBXVariantGroup;
			children = (
				A1A8D9E91A82F92C00231D84 /* Base */,
			);
			name = LaunchScreen.xib;
			sourceTree = "<group>";
		};
/* End PBXVariantGroup section */

/* Begin XCBuildConfiguration section */
		A1A8D9F71A82F92C00231D84 /* Debug */ = {
			isa = XCBuildConfiguration;
			buildSettings = {
				ALWAYS_SEARCH_USER_PATHS = NO;
				CLANG_CXX_LANGUAGE_STANDARD = "gnu++0x";
				CLANG_CXX_LIBRARY = "libc++";
				CLANG_ENABLE_MODULES = YES;
				CLANG_ENABLE_OBJC_ARC = YES;
				CLANG_WARN_BOOL_CONVERSION = YES;
				CLANG_WARN_CONSTANT_CONVERSION = YES;
				CLANG_WARN_DIRECT_OBJC_ISA_USAGE = YES_ERROR;
				CLANG_WARN_EMPTY_BODY = YES;
				CLANG_WARN_ENUM_CONVERSION = YES;
				CLANG_WARN_INT_CONVERSION = YES;
				CLANG_WARN_OBJC_ROOT_CLASS = YES_ERROR;
				CLANG_WARN_UNREACHABLE_CODE = YES;
				CLANG_WARN__DUPLICATE_METHOD_MATCH = YES;
				"CODE_SIGN_IDENTITY[sdk=iphoneos*]" = "iPhone Developer";
				COPY_PHASE_STRIP = NO;
				ENABLE_STRICT_OBJC_MSGSEND = YES;
				GCC_C_LANGUAGE_STANDARD = gnu99;
				GCC_DYNAMIC_NO_PIC = NO;
				GCC_OPTIMIZATION_LEVEL = 0;
				GCC_PREPROCESSOR_DEFINITIONS = (
					"DEBUG=1",
					"$(inherited)",
				);
				GCC_SYMBOLS_PRIVATE_EXTERN = NO;
				GCC_WARN_64_TO_32_BIT_CONVERSION = YES;
				GCC_WARN_ABOUT_RETURN_TYPE = YES_ERROR;
				GCC_WARN_UNDECLARED_SELECTOR = YES;
				GCC_WARN_UNINITIALIZED_AUTOS = YES_AGGRESSIVE;
				GCC_WARN_UNUSED_FUNCTION = YES;
				GCC_WARN_UNUSED_VARIABLE = YES;
				IPHONEOS_DEPLOYMENT_TARGET = 8.1;
				MTL_ENABLE_DEBUG_INFO = YES;
				ONLY_ACTIVE_ARCH = YES;
				SDKROOT = iphoneos;
				SWIFT_OPTIMIZATION_LEVEL = "-Onone";
			};
			name = Debug;
		};
		A1A8D9F81A82F92C00231D84 /* Release */ = {
			isa = XCBuildConfiguration;
			buildSettings = {
				ALWAYS_SEARCH_USER_PATHS = NO;
				CLANG_CXX_LANGUAGE_STANDARD = "gnu++0x";
				CLANG_CXX_LIBRARY = "libc++";
				CLANG_ENABLE_MODULES = YES;
				CLANG_ENABLE_OBJC_ARC = YES;
				CLANG_WARN_BOOL_CONVERSION = YES;
				CLANG_WARN_CONSTANT_CONVERSION = YES;
				CLANG_WARN_DIRECT_OBJC_ISA_USAGE = YES_ERROR;
				CLANG_WARN_EMPTY_BODY = YES;
				CLANG_WARN_ENUM_CONVERSION = YES;
				CLANG_WARN_INT_CONVERSION = YES;
				CLANG_WARN_OBJC_ROOT_CLASS = YES_ERROR;
				CLANG_WARN_UNREACHABLE_CODE = YES;
				CLANG_WARN__DUPLICATE_METHOD_MATCH = YES;
				"CODE_SIGN_IDENTITY[sdk=iphoneos*]" = "iPhone Developer";
				COPY_PHASE_STRIP = YES;
				ENABLE_NS_ASSERTIONS = NO;
				ENABLE_STRICT_OBJC_MSGSEND = YES;
				GCC_C_LANGUAGE_STANDARD = gnu99;
				GCC_WARN_64_TO_32_BIT_CONVERSION = YES;
				GCC_WARN_ABOUT_RETURN_TYPE = YES_ERROR;
				GCC_WARN_UNDECLARED_SELECTOR = YES;
				GCC_WARN_UNINITIALIZED_AUTOS = YES_AGGRESSIVE;
				GCC_WARN_UNUSED_FUNCTION = YES;
				GCC_WARN_UNUSED_VARIABLE = YES;
				IPHONEOS_DEPLOYMENT_TARGET = 8.1;
				MTL_ENABLE_DEBUG_INFO = NO;
				SDKROOT = iphoneos;
				VALIDATE_PRODUCT = YES;
			};
			name = Release;
		};
		A1A8D9FA1A82F92C00231D84 /* Debug */ = {
			isa = XCBuildConfiguration;
			baseConfigurationReference = 6517A45D668260FDADA92DBD /* Pods.debug.xcconfig */;
			buildSettings = {
				ASSETCATALOG_COMPILER_APPICON_NAME = AppIcon;
				ASSETCATALOG_COMPILER_LAUNCHIMAGE_NAME = LaunchImage;
				CLANG_ENABLE_MODULES = YES;
				INFOPLIST_FILE = QiitaCollection/Info.plist;
				IPHONEOS_DEPLOYMENT_TARGET = 8.0;
				LD_RUNPATH_SEARCH_PATHS = "$(inherited) @executable_path/Frameworks";
				PRODUCT_NAME = "$(TARGET_NAME)";
				SWIFT_OBJC_BRIDGING_HEADER = "QiitaCollection/QiitaCollection-Bridging-Header.h";
				SWIFT_OPTIMIZATION_LEVEL = "-Onone";
			};
			name = Debug;
		};
		A1A8D9FB1A82F92C00231D84 /* Release */ = {
			isa = XCBuildConfiguration;
			baseConfigurationReference = 838D04FEA8FB0D070F2360E6 /* Pods.release.xcconfig */;
			buildSettings = {
				ASSETCATALOG_COMPILER_APPICON_NAME = AppIcon;
				ASSETCATALOG_COMPILER_LAUNCHIMAGE_NAME = LaunchImage;
				CLANG_ENABLE_MODULES = YES;
				INFOPLIST_FILE = QiitaCollection/Info.plist;
				IPHONEOS_DEPLOYMENT_TARGET = 8.0;
				LD_RUNPATH_SEARCH_PATHS = "$(inherited) @executable_path/Frameworks";
				PRODUCT_NAME = "$(TARGET_NAME)";
				SWIFT_OBJC_BRIDGING_HEADER = "QiitaCollection/QiitaCollection-Bridging-Header.h";
			};
			name = Release;
		};
		A1A8D9FD1A82F92C00231D84 /* Debug */ = {
			isa = XCBuildConfiguration;
			buildSettings = {
				BUNDLE_LOADER = "$(TEST_HOST)";
				FRAMEWORK_SEARCH_PATHS = (
					"$(SDKROOT)/Developer/Library/Frameworks",
					"$(inherited)",
				);
				GCC_PREPROCESSOR_DEFINITIONS = (
					"DEBUG=1",
					"$(inherited)",
				);
				INFOPLIST_FILE = QiitaCollectionTests/Info.plist;
				LD_RUNPATH_SEARCH_PATHS = "$(inherited) @executable_path/Frameworks @loader_path/Frameworks";
				PRODUCT_NAME = "$(TARGET_NAME)";
				TEST_HOST = "$(BUILT_PRODUCTS_DIR)/QiitaCollection.app/QiitaCollection";
			};
			name = Debug;
		};
		A1A8D9FE1A82F92C00231D84 /* Release */ = {
			isa = XCBuildConfiguration;
			buildSettings = {
				BUNDLE_LOADER = "$(TEST_HOST)";
				FRAMEWORK_SEARCH_PATHS = (
					"$(SDKROOT)/Developer/Library/Frameworks",
					"$(inherited)",
				);
				INFOPLIST_FILE = QiitaCollectionTests/Info.plist;
				LD_RUNPATH_SEARCH_PATHS = "$(inherited) @executable_path/Frameworks @loader_path/Frameworks";
				PRODUCT_NAME = "$(TARGET_NAME)";
				TEST_HOST = "$(BUILT_PRODUCTS_DIR)/QiitaCollection.app/QiitaCollection";
			};
			name = Release;
		};
/* End XCBuildConfiguration section */

/* Begin XCConfigurationList section */
		A1A8D9D51A82F92C00231D84 /* Build configuration list for PBXProject "QiitaCollection" */ = {
			isa = XCConfigurationList;
			buildConfigurations = (
				A1A8D9F71A82F92C00231D84 /* Debug */,
				A1A8D9F81A82F92C00231D84 /* Release */,
			);
			defaultConfigurationIsVisible = 0;
			defaultConfigurationName = Release;
		};
		A1A8D9F91A82F92C00231D84 /* Build configuration list for PBXNativeTarget "QiitaCollection" */ = {
			isa = XCConfigurationList;
			buildConfigurations = (
				A1A8D9FA1A82F92C00231D84 /* Debug */,
				A1A8D9FB1A82F92C00231D84 /* Release */,
			);
			defaultConfigurationIsVisible = 0;
			defaultConfigurationName = Release;
		};
		A1A8D9FC1A82F92C00231D84 /* Build configuration list for PBXNativeTarget "QiitaCollectionTests" */ = {
			isa = XCConfigurationList;
			buildConfigurations = (
				A1A8D9FD1A82F92C00231D84 /* Debug */,
				A1A8D9FE1A82F92C00231D84 /* Release */,
			);
			defaultConfigurationIsVisible = 0;
			defaultConfigurationName = Release;
		};
/* End XCConfigurationList section */
	};
	rootObject = A1A8D9D21A82F92C00231D84 /* Project object */;
}
